
Microsoft Visual Studio Solution File, Format Version 12.00
# Visual Studio Version 16
VisualStudioVersion = 16.0.31515.178
MinimumVisualStudioVersion = 10.0.40219.1
Project("{FAE04EC0-301F-11D3-BF4B-00C04F79EFBC}") = "ASPDotNetCoreWebApp2", "ASPDotNetCoreWebApp2.csproj", "{65BAB375-693A-4B1C-A0AF-A0348951038E}"
EndProject
Global
	GlobalSection(SolutionConfigurationPlatforms) = preSolution
		Debug|Any CPU = Debug|Any CPU
		Release|Any CPU = Release|Any CPU
	EndGlobalSection
	GlobalSection(ProjectConfigurationPlatforms) = postSolution
		{65BAB375-693A-4B1C-A0AF-A0348951038E}.Debug|Any CPU.ActiveCfg = Debug|Any CPU
		{65BAB375-693A-4B1C-A0AF-A0348951038E}.Debug|Any CPU.Build.0 = Debug|Any CPU
		{65BAB375-693A-4B1C-A0AF-A0348951038E}.Release|Any CPU.ActiveCfg = Release|Any CPU
		{65BAB375-693A-4B1C-A0AF-A0348951038E}.Release|Any CPU.Build.0 = Release|Any CPU
	EndGlobalSection
	GlobalSection(SolutionProperties) = preSolution
		HideSolutionNode = FALSE
	EndGlobalSection
	GlobalSection(ExtensibilityGlobals) = postSolution
		SolutionGuid = {ADFA93CF-58F4-49E9-93A8-395272237B21}
	EndGlobalSection
EndGlobal
